Microsoft Visual Studio Solution File, Format Version 12.00
# Visual Studio Version 17
VisualStudioVersion = 17.0.31903.59
MinimumVisualStudioVersion = 10.0.40219.1
Project("{FAE04EC0-301F-11D3-BF4B-00C04F79EFBC}") = "Shadowverse.Engine", "src\Shadowverse.Engine\Shadowverse.Engine.csproj", "{3E3AFB0C-7F4D-44ED-8EDE-BE4A8E767B71}"
EndProject
Project("{FAE04EC0-301F-11D3-BF4B-00C04F79EFBC}") = "Shadowverse.Console", "src\Shadowverse.Console\Shadowverse.Console.csproj", "{BAA3952A-EA1D-4B5A-A66D-89A58D0E1B3A}"
EndProject
Project("{FAE04EC0-301F-11D3-BF4B-00C04F79EFBC}") = "Shadowverse.DeckEditor", "src\Shadowverse.DeckEditor\Shadowverse.DeckEditor.csproj", "{CBBAA0F2-407F-4DBB-A040-A9C4DCE461A9}"
EndProject
Global
	GlobalSection(SolutionConfigurationPlatforms) = preSolution
		Debug|Any CPU = Debug|Any CPU
		Release|Any CPU = Release|Any CPU
	EndGlobalSection
	GlobalSection(ProjectConfigurationPlatforms) = postSolution
		{3E3AFB0C-7F4D-44ED-8EDE-BE4A8E767B71}.Debug|Any CPU.ActiveCfg = Debug|Any CPU
		{3E3AFB0C-7F4D-44ED-8EDE-BE4A8E767B71}.Debug|Any CPU.Build.0 = Debug|Any CPU
		{3E3AFB0C-7F4D-44ED-8EDE-BE4A8E767B71}.Release|Any CPU.ActiveCfg = Release|Any CPU
		{3E3AFB0C-7F4D-44ED-8EDE-BE4A8E767B71}.Release|Any CPU.Build.0 = Release|Any CPU
		{BAA3952A-EA1D-4B5A-A66D-89A58D0E1B3A}.Debug|Any CPU.ActiveCfg = Debug|Any CPU
		{BAA3952A-EA1D-4B5A-A66D-89A58D0E1B3A}.Debug|Any CPU.Build.0 = Debug|Any CPU
		{BAA3952A-EA1D-4B5A-A66D-89A58D0E1B3A}.Release|Any CPU.ActiveCfg = Release|Any CPU
		{BAA3952A-EA1D-4B5A-A66D-89A58D0E1B3A}.Release|Any CPU.Build.0 = Release|Any CPU
		{CBBAA0F2-407F-4DBB-A040-A9C4DCE461A9}.Debug|Any CPU.ActiveCfg = Debug|Any CPU
		{CBBAA0F2-407F-4DBB-A040-A9C4DCE461A9}.Debug|Any CPU.Build.0 = Debug|Any CPU
		{CBBAA0F2-407F-4DBB-A040-A9C4DCE461A9}.Release|Any CPU.ActiveCfg = Release|Any CPU
		{CBBAA0F2-407F-4DBB-A040-A9C4DCE461A9}.Release|Any CPU.Build.0 = Release|Any CPU
	EndGlobalSection
	GlobalSection(SolutionProperties) = preSolution
		HideSolutionNode = FALSE
	EndGlobalSection
EndGlobal
